
Microsoft Visual Studio Solution File, Format Version 12.00
# Visual Studio Version 17
VisualStudioVersion = 17.5.002.0
MinimumVisualStudioVersion = 10.0.40219.1
Project("{9A19103F-16F7-4668-BE54-9A1E7A4F7556}") = "AnkAUTH_Server", "AnkAUTH_Server.csproj", "{98254DF7-3219-47DD-B9E6-5146D97FE552}"
EndProject
Global
	GlobalSection(SolutionConfigurationPlatforms) = preSolution
		Debug|Any CPU = Debug|Any CPU
		Release|Any CPU = Release|Any CPU
	EndGlobalSection
	GlobalSection(ProjectConfigurationPlatforms) = postSolution
		{98254DF7-3219-47DD-B9E6-5146D97FE552}.Debug|Any CPU.ActiveCfg = Debug|Any CPU
		{98254DF7-3219-47DD-B9E6-5146D97FE552}.Debug|Any CPU.Build.0 = Debug|Any CPU
		{98254DF7-3219-47DD-B9E6-5146D97FE552}.Release|Any CPU.ActiveCfg = Release|Any CPU
		{98254DF7-3219-47DD-B9E6-5146D97FE552}.Release|Any CPU.Build.0 = Release|Any CPU
	EndGlobalSection
	GlobalSection(SolutionProperties) = preSolution
		HideSolutionNode = FALSE
	EndGlobalSection
	GlobalSection(ExtensibilityGlobals) = postSolution
		SolutionGuid = {0F39A0F9-118C-4999-8833-86C1C5551FBD}
	EndGlobalSection
EndGlobal
